// !$*UTF8*$!
{
	archiveVersion = 1;
	classes = {
	};
	objectVersion = 77;
	objects = {

/* Begin PBXBuildFile section */
		7E9473912F6AA9030006CA3F /* WidgetKit.framework in Frameworks */ = {isa = PBXBuildFile; fileRef = 7E9473902F6AA9020006CA3F /* WidgetKit.framework */; };
		7E9473932F6AA9030006CA3F /* SwiftUI.framework in Frameworks */ = {isa = PBXBuildFile; fileRef = 7E9473922F6AA9030006CA3F /* SwiftUI.framework */; };
		7E9473A32F6AA9040006CA3F /* FitGeniusWidgetExtension.appex in Embed Foundation Extensions */ = {isa = PBXBuildFile; fileRef = 7E94738F2F6AA9020006CA3F /* FitGeniusWidgetExtension.appex */; settings = {ATTRIBUTES = (RemoveHeadersOnCopy, ); }; };
		7E9BCCF92EDCA14E0034928F /* StoreKit.framework in Frameworks */ = {isa = PBXBuildFile; fileRef = 7E9BCCF82EDCA14E0034928F /* StoreKit.framework */; };
		7ED3B2822FD1773800A05E5E /* FitGeniusWatch Watch App.app in Embed Watch Content */ = {isa = PBXBuildFile; fileRef = 7ED3B2782FD1773500A05E5E /* FitGeniusWatch Watch App.app */; settings = {ATTRIBUTES = (RemoveHeadersOnCopy, ); }; };
/* End PBXBuildFile section */

/* Begin PBXContainerItemProxy section */
		7E9473A02F6AA9040006CA3F /* PBXContainerItemProxy */ = {
			isa = PBXContainerItemProxy;
			containerPortal = 7E92B2902ED588E500290F84 /* Project object */;
			proxyType = 1;
			remoteGlobalIDString = 7E94738E2F6AA9020006CA3F;
			remoteInfo = FitGeniusWidgetExtension;
		};
		7ED3B2802FD1773800A05E5E /* PBXContainerItemProxy */ = {
			isa = PBXContainerItemProxy;
			containerPortal = 7E92B2902ED588E500290F84 /* Project object */;
			proxyType = 1;
			remoteGlobalIDString = 7ED3B2772FD1773500A05E5E;
			remoteInfo = "FitGeniusWatch Watch App";
		};
/* End PBXContainerItemProxy section */

/* Begin PBXCopyFilesBuildPhase section */
		7E9473A22F6AA9040006CA3F /* Embed Foundation Extensions */ = {
			isa = PBXCopyFilesBuildPhase;
			buildActionMask = 2147483647;
			dstPath = "";
			dstSubfolderSpec = 13;
			files = (
				7E9473A32F6AA9040006CA3F /* FitGeniusWidgetExtension.appex in Embed Foundation Extensions */,
			);
			name = "Embed Foundation Extensions";
			runOnlyForDeploymentPostprocessing = 0;
		};
		7ED3B2862FD1773800A05E5E /* Embed Watch Content */ = {
			isa = PBXCopyFilesBuildPhase;
			buildActionMask = 2147483647;
			dstPath = "$(CONTENTS_FOLDER_PATH)/Watch";
			dstSubfolderSpec = 16;
			files = (
				7ED3B2822FD1773800A05E5E /* FitGeniusWatch Watch App.app in Embed Watch Content */,
			);
			name = "Embed Watch Content";
			runOnlyForDeploymentPostprocessing = 0;
		};
/* End PBXCopyFilesBuildPhase section */

/* Begin PBXFileReference section */
		7E92B2982ED588E500290F84 /* FitGenius.app */ = {isa = PBXFileReference; explicitFileType = wrapper.application; includeInIndex = 0; path = FitGenius.app; sourceTree = BUILT_PRODUCTS_DIR; };
		7E94738F2F6AA9020006CA3F /* FitGeniusWidgetExtension.appex */ = {isa = PBXFileReference; explicitFileType = "wrapper.app-extension"; includeInIndex = 0; path = FitGeniusWidgetExtension.appex; sourceTree = BUILT_PRODUCTS_DIR; };
		7E9473902F6AA9020006CA3F /* WidgetKit.framework */ = {isa = PBXFileReference; lastKnownFileType = wrapper.framework; name = WidgetKit.framework; path = System/Library/Frameworks/WidgetKit.framework; sourceTree = SDKROOT; };
		7E9473922F6AA9030006CA3F /* SwiftUI.framework */ = {isa = PBXFileReference; lastKnownFileType = wrapper.framework; name = SwiftUI.framework; path = System/Library/Frameworks/SwiftUI.framework; sourceTree = SDKROOT; };
		7E9473A82F6AA9680006CA3F /* FitGeniusWidgetExtension.entitlements */ = {isa = PBXFileReference; lastKnownFileType = text.plist.entitlements; path = FitGeniusWidgetExtension.entitlements; sourceTree = "<group>"; };
		7E9BCCF82EDCA14E0034928F /* StoreKit.framework */ = {isa = PBXFileReference; lastKnownFileType = wrapper.framework; name = StoreKit.framework; path = System/Library/Frameworks/StoreKit.framework; sourceTree = SDKROOT; };
		7ED3B2782FD1773500A05E5E /* FitGeniusWatch Watch App.app */ = {isa = PBXFileReference; explicitFileType = wrapper.application; includeInIndex = 0; path = "FitGeniusWatch Watch App.app"; sourceTree = BUILT_PRODUCTS_DIR; };
/* End PBXFileReference section */

/* Begin PBXFileSystemSynchronizedBuildFileExceptionSet section */
		7E9473A72F6AA9040006CA3F /* Exceptions for "FitGeniusWidget" folder in "FitGeniusWidgetExtension" target */ = {
			isa = PBXFileSystemSynchronizedBuildFileExceptionSet;
			membershipExceptions = (
				Info.plist,
			);
			target = 7E94738E2F6AA9020006CA3F /* FitGeniusWidgetExtension */;
		};
		7EF784422EF1BC1C00D22BA2 /* Exceptions for "FitGenius" folder in "FitGenius" target */ = {
			isa = PBXFileSystemSynchronizedBuildFileExceptionSet;
			membershipExceptions = (
				Info.plist,
			);
			target = 7E92B2972ED588E500290F84 /* FitGenius */;
		};
/* End PBXFileSystemSynchronizedBuildFileExceptionSet section */

/* Begin PBXFileSystemSynchronizedRootGroup section */
		7E92B29A2ED588E500290F84 /* FitGenius */ = {
			isa = PBXFileSystemSynchronizedRootGroup;
			exceptions = (
				7EF784422EF1BC1C00D22BA2 /* Exceptions for "FitGenius" folder in "FitGenius" target */,
			);
			path = FitGenius;
			sourceTree = "<group>";
		};
		7E9473942F6AA9030006CA3F /* FitGeniusWidget */ = {
			isa = PBXFileSystemSynchronizedRootGroup;
			exceptions = (
				7E9473A72F6AA9040006CA3F /* Exceptions for "FitGeniusWidget" folder in "FitGeniusWidgetExtension" target */,
			);
			path = FitGeniusWidget;
			sourceTree = "<group>";
		};
		7ED3B2792FD1773500A05E5E /* FitGeniusWatch Watch App */ = {
			isa = PBXFileSystemSynchronizedRootGroup;
			path = "FitGeniusWatch Watch App";
			sourceTree = "<group>";
		};
/* End PBXFileSystemSynchronizedRootGroup section */

/* Begin PBXFrameworksBuildPhase section */
		7E92B2952ED588E500290F84 /* Frameworks */ = {
			isa = PBXFrameworksBuildPhase;
			buildActionMask = 2147483647;
			files = (
				7E9BCCF92EDCA14E0034928F /* StoreKit.framework in Frameworks */,
			);
			runOnlyForDeploymentPostprocessing = 0;
		};
		7E94738C2F6AA9020006CA3F /* Frameworks */ = {
			isa = PBXFrameworksBuildPhase;
			buildActionMask = 2147483647;
			files = (
				7E9473932F6AA9030006CA3F /* SwiftUI.framework in Frameworks */,
				7E9473912F6AA9030006CA3F /* WidgetKit.framework in Frameworks */,
			);
			runOnlyForDeploymentPostprocessing = 0;
		};
		7ED3B2752FD1773500A05E5E /* Frameworks */ = {
			isa = PBXFrameworksBuildPhase;
			buildActionMask = 2147483647;
			files = (
			);
			runOnlyForDeploymentPostprocessing = 0;
		};
/* End PBXFrameworksBuildPhase section */

/* Begin PBXGroup section */
		7E92B28F2ED588E500290F84 = {
			isa = PBXGroup;
			children = (
				7E9473A82F6AA9680006CA3F /* FitGeniusWidgetExtension.entitlements */,
				7E92B29A2ED588E500290F84 /* FitGenius */,
				7E9473942F6AA9030006CA3F /* FitGeniusWidget */,
				7ED3B2792FD1773500A05E5E /* FitGeniusWatch Watch App */,
				7E9BCCF72EDCA14E0034928F /* Frameworks */,
				7E92B2992ED588E500290F84 /* Products */,
			);
			sourceTree = "<group>";
		};
		7E92B2992ED588E500290F84 /* Products */ = {
			isa = PBXGroup;
			children = (
				7E92B2982ED588E500290F84 /* FitGenius.app */,
				7E94738F2F6AA9020006CA3F /* FitGeniusWidgetExtension.appex */,
				7ED3B2782FD1773500A05E5E /* FitGeniusWatch Watch App.app */,
			);
			name = Products;
			sourceTree = "<group>";
		};
		7E9BCCF72EDCA14E0034928F /* Frameworks */ = {
			isa = PBXGroup;
			children = (
				7E9BCCF82EDCA14E0034928F /* StoreKit.framework */,
				7E9473902F6AA9020006CA3F /* WidgetKit.framework */,
				7E9473922F6AA9030006CA3F /* SwiftUI.framework */,
			);
			name = Frameworks;
			sourceTree = "<group>";
		};
/* End PBXGroup section */

/* Begin PBXNativeTarget section */
		7E92B2972ED588E500290F84 /* FitGenius */ = {
			isa = PBXNativeTarget;
			buildConfigurationList = 7E92B2A52ED588E600290F84 /* Build configuration list for PBXNativeTarget "FitGenius" */;
			buildPhases = (
				7E92B2942ED588E500290F84 /* Sources */,
				7E92B2952ED588E500290F84 /* Frameworks */,
				7E92B2962ED588E500290F84 /* Resources */,
				7E9473A22F6AA9040006CA3F /* Embed Foundation Extensions */,
				7ED3B2862FD1773800A05E5E /* Embed Watch Content */,
			);
			buildRules = (
			);
			dependencies = (
				7E9473A12F6AA9040006CA3F /* PBXTargetDependency */,
				7ED3B2812FD1773800A05E5E /* PBXTargetDependency */,
			);
			fileSystemSynchronizedGroups = (
				7E92B29A2ED588E500290F84 /* FitGenius */,
			);
			name = FitGenius;
			packageProductDependencies = (
			);
			productName = FitGenius;
			productReference = 7E92B2982ED588E500290F84 /* FitGenius.app */;
			productType = "com.apple.product-type.application";
		};
		7E94738E2F6AA9020006CA3F /* FitGeniusWidgetExtension */ = {
			isa = PBXNativeTarget;
			buildConfigurationList = 7E9473A62F6AA9040006CA3F /* Build configuration list for PBXNativeTarget "FitGeniusWidgetExtension" */;
			buildPhases = (
				7E94738B2F6AA9020006CA3F /* Sources */,
				7E94738C2F6AA9020006CA3F /* Frameworks */,
				7E94738D2F6AA9020006CA3F /* Resources */,
			);
			buildRules = (
			);
			dependencies = (
			);
			fileSystemSynchronizedGroups = (
				7E9473942F6AA9030006CA3F /* FitGeniusWidget */,
			);
			name = FitGeniusWidgetExtension;
			packageProductDependencies = (
			);
			productName = FitGeniusWidgetExtension;
			productReference = 7E94738F2F6AA9020006CA3F /* FitGeniusWidgetExtension.appex */;
			productType = "com.apple.product-type.app-extension";
		};
		7ED3B2772FD1773500A05E5E /* FitGeniusWatch Watch App */ = {
			isa = PBXNativeTarget;
			buildConfigurationList = 7ED3B2832FD1773800A05E5E /* Build configuration list for PBXNativeTarget "FitGeniusWatch Watch App" */;
			buildPhases = (
				7ED3B2742FD1773500A05E5E /* Sources */,
				7ED3B2752FD1773500A05E5E /* Frameworks */,
				7ED3B2762FD1773500A05E5E /* Resources */,
			);
			buildRules = (
			);
			dependencies = (
			);
			fileSystemSynchronizedGroups = (
				7ED3B2792FD1773500A05E5E /* FitGeniusWatch Watch App */,
			);
			name = "FitGeniusWatch Watch App";
			packageProductDependencies = (
			);
			productName = "FitGeniusWatch Watch App";
			productReference = 7ED3B2782FD1773500A05E5E /* FitGeniusWatch Watch App.app */;
			productType = "com.apple.product-type.application";
		};
/* End PBXNativeTarget section */

/* Begin PBXProject section */
		7E92B2902ED588E500290F84 /* Project object */ = {
			isa = PBXProject;
			attributes = {
				BuildIndependentTargetsInParallel = 1;
				LastSwiftUpdateCheck = 2610;
				LastUpgradeCheck = 2610;
				TargetAttributes = {
					7E92B2972ED588E500290F84 = {
						CreatedOnToolsVersion = 26.1;
					};
					7E94738E2F6AA9020006CA3F = {
						CreatedOnToolsVersion = 26.1;
					};
					7ED3B2772FD1773500A05E5E = {
						CreatedOnToolsVersion = 26.1;
					};
				};
			};
			buildConfigurationList = 7E92B2932ED588E500290F84 /* Build configuration list for PBXProject "FitGenius" */;
			developmentRegion = en;
			hasScannedForEncodings = 0;
			knownRegions = (
				en,
				Base,
				"zh-Hans",
			);
			mainGroup = 7E92B28F2ED588E500290F84;
			minimizedProjectReferenceProxies = 1;
			preferredProjectObjectVersion = 77;
			productRefGroup = 7E92B2992ED588E500290F84 /* Products */;
			projectDirPath = "";
			projectRoot = "";
			targets = (
				7E92B2972ED588E500290F84 /* FitGenius */,
				7E94738E2F6AA9020006CA3F /* FitGeniusWidgetExtension */,
				7ED3B2772FD1773500A05E5E /* FitGeniusWatch Watch App */,
			);
		};
/* End PBXProject section */

/* Begin PBXResourcesBuildPhase section */
		7E92B2962ED588E500290F84 /* Resources */ = {
			isa = PBXResourcesBuildPhase;
			buildActionMask = 2147483647;
			files = (
			);
			runOnlyForDeploymentPostprocessing = 0;
		};
		7E94738D2F6AA9020006CA3F /* Resources */ = {
			isa = PBXResourcesBuildPhase;
			buildActionMask = 2147483647;
			files = (
			);
			runOnlyForDeploymentPostprocessing = 0;
		};
		7ED3B2762FD1773500A05E5E /* Resources */ = {
			isa = PBXResourcesBuildPhase;
			buildActionMask = 2147483647;
			files = (
			);
			runOnlyForDeploymentPostprocessing = 0;
		};
/* End PBXResourcesBuildPhase section */

/* Begin PBXSourcesBuildPhase section */
		7E92B2942ED588E500290F84 /* Sources */ = {
			isa = PBXSourcesBuildPhase;
			buildActionMask = 2147483647;
			files = (
			);
			runOnlyForDeploymentPostprocessing = 0;
		};
		7E94738B2F6AA9020006CA3F /* Sources */ = {
			isa = PBXSourcesBuildPhase;
			buildActionMask = 2147483647;
			files = (
			);
			runOnlyForDeploymentPostprocessing = 0;
		};
		7ED3B2742FD1773500A05E5E /* Sources */ = {
			isa = PBXSourcesBuildPhase;
			buildActionMask = 2147483647;
			files = (
			);
			runOnlyForDeploymentPostprocessing = 0;
		};
/* End PBXSourcesBuildPhase section */

/* Begin PBXTargetDependency section */
		7E9473A12F6AA9040006CA3F /* PBXTargetDependency */ = {
			isa = PBXTargetDependency;
			target = 7E94738E2F6AA9020006CA3F /* FitGeniusWidgetExtension */;
			targetProxy = 7E9473A02F6AA9040006CA3F /* PBXContainerItemProxy */;
		};
		7ED3B2812FD1773800A05E5E /* PBXTargetDependency */ = {
			isa = PBXTargetDependency;
			target = 7ED3B2772FD1773500A05E5E /* FitGeniusWatch Watch App */;
			targetProxy = 7ED3B2802FD1773800A05E5E /* PBXContainerItemProxy */;
		};
/* End PBXTargetDependency section */

/* Begin XCBuildConfiguration section */
		7E92B2A32ED588E600290F84 /* Debug */ = {
			isa = XCBuildConfiguration;
			buildSettings = {
				ALWAYS_SEARCH_USER_PATHS = NO;
				ASSETCATALOG_COMPILER_GENERATE_SWIFT_ASSET_SYMBOL_EXTENSIONS = YES;
				CLANG_ANALYZER_NONNULL = YES;
				CLANG_ANALYZER_NUMBER_OBJECT_CONVERSION = YES_AGGRESSIVE;
				CLANG_CXX_LANGUAGE_STANDARD = "gnu++20";
				CLANG_ENABLE_MODULES = YES;
				CLANG_ENABLE_OBJC_ARC = YES;
				CLANG_ENABLE_OBJC_WEAK = YES;
				CLANG_WARN_BLOCK_CAPTURE_AUTORELEASING = YES;
				CLANG_WARN_BOOL_CONVERSION = YES;
				CLANG_WARN_COMMA = YES;
				CLANG_WARN_CONSTANT_CONVERSION = YES;
				CLANG_WARN_DEPRECATED_OBJC_IMPLEMENTATIONS = YES;
				CLANG_WARN_DIRECT_OBJC_ISA_USAGE = YES_ERROR;
				CLANG_WARN_DOCUMENTATION_COMMENTS = YES;
				CLANG_WARN_EMPTY_BODY = YES;
				CLANG_WARN_ENUM_CONVERSION = YES;
				CLANG_WARN_INFINITE_RECURSION = YES;
				CLANG_WARN_INT_CONVERSION = YES;
				CLANG_WARN_NON_LITERAL_NULL_CONVERSION = YES;
				CLANG_WARN_OBJC_IMPLICIT_RETAIN_SELF = YES;
				CLANG_WARN_OBJC_LITERAL_CONVERSION = YES;
				CLANG_WARN_OBJC_ROOT_CLASS = YES_ERROR;
				CLANG_WARN_QUOTED_INCLUDE_IN_FRAMEWORK_HEADER = YES;
				CLANG_WARN_RANGE_LOOP_ANALYSIS = YES;
				CLANG_WARN_STRICT_PROTOTYPES = YES;
				CLANG_WARN_SUSPICIOUS_MOVE = YES;
				CLANG_WARN_UNGUARDED_AVAILABILITY = YES_AGGRESSIVE;
				CLANG_WARN_UNREACHABLE_CODE = YES;
				CLANG_WARN__DUPLICATE_METHOD_MATCH = YES;
				COPY_PHASE_STRIP = NO;
				DEBUG_INFORMATION_FORMAT = dwarf;
				ENABLE_STRICT_OBJC_MSGSEND = YES;
				ENABLE_TESTABILITY = YES;
				ENABLE_USER_SCRIPT_SANDBOXING = YES;
				GCC_C_LANGUAGE_STANDARD = gnu17;
				GCC_DYNAMIC_NO_PIC = NO;
				GCC_NO_COMMON_BLOCKS = YES;
				GCC_OPTIMIZATION_LEVEL = 0;
				GCC_PREPROCESSOR_DEFINITIONS = (
					"DEBUG=1",
					"$(inherited)",
				);
				GCC_WARN_64_TO_32_BIT_CONVERSION = YES;
				GCC_WARN_ABOUT_RETURN_TYPE = YES_ERROR;
				GCC_WARN_UNDECLARED_SELECTOR = YES;
				GCC_WARN_UNINITIALIZED_AUTOS = YES_AGGRESSIVE;
				GCC_WARN_UNUSED_FUNCTION = YES;
				GCC_WARN_UNUSED_VARIABLE = YES;
				IPHONEOS_DEPLOYMENT_TARGET = 26.1;
				LOCALIZATION_PREFERS_STRING_CATALOGS = YES;
				MTL_ENABLE_DEBUG_INFO = INCLUDE_SOURCE;
				MTL_FAST_MATH = YES;
				ONLY_ACTIVE_ARCH = YES;
				SDKROOT = iphoneos;
				SWIFT_ACTIVE_COMPILATION_CONDITIONS = "DEBUG $(inherited)";
				SWIFT_OPTIMIZATION_LEVEL = "-Onone";
			};
			name = Debug;
		};
		7E92B2A42ED588E600290F84 /* Release */ = {
			isa = XCBuildConfiguration;
			buildSettings = {
				ALWAYS_SEARCH_USER_PATHS = NO;
				ASSETCATALOG_COMPILER_GENERATE_SWIFT_ASSET_SYMBOL_EXTENSIONS = YES;
				CLANG_ANALYZER_NONNULL = YES;
				CLANG_ANALYZER_NUMBER_OBJECT_CONVERSION = YES_AGGRESSIVE;
				CLANG_CXX_LANGUAGE_STANDARD = "gnu++20";
				CLANG_ENABLE_MODULES = YES;
				CLANG_ENABLE_OBJC_ARC = YES;
				CLANG_ENABLE_OBJC_WEAK = YES;
				CLANG_WARN_BLOCK_CAPTURE_AUTORELEASING = YES;
				CLANG_WARN_BOOL_CONVERSION = YES;
				CLANG_WARN_COMMA = YES;
				CLANG_WARN_CONSTANT_CONVERSION = YES;
				CLANG_WARN_DEPRECATED_OBJC_IMPLEMENTATIONS = YES;
				CLANG_WARN_DIRECT_OBJC_ISA_USAGE = YES_ERROR;
				CLANG_WARN_DOCUMENTATION_COMMENTS = YES;
				CLANG_WARN_EMPTY_BODY = YES;
				CLANG_WARN_ENUM_CONVERSION = YES;
				CLANG_WARN_INFINITE_RECURSION = YES;
				CLANG_WARN_INT_CONVERSION = YES;
				CLANG_WARN_NON_LITERAL_NULL_CONVERSION = YES;
				CLANG_WARN_OBJC_IMPLICIT_RETAIN_SELF = YES;
				CLANG_WARN_OBJC_LITERAL_CONVERSION = YES;
				CLANG_WARN_OBJC_ROOT_CLASS = YES_ERROR;
				CLANG_WARN_QUOTED_INCLUDE_IN_FRAMEWORK_HEADER = YES;
				CLANG_WARN_RANGE_LOOP_ANALYSIS = YES;
				CLANG_WARN_STRICT_PROTOTYPES = YES;
				CLANG_WARN_SUSPICIOUS_MOVE = YES;
				CLANG_WARN_UNGUARDED_AVAILABILITY = YES_AGGRESSIVE;
				CLANG_WARN_UNREACHABLE_CODE = YES;
				CLANG_WARN__DUPLICATE_METHOD_MATCH = YES;
				COPY_PHASE_STRIP = NO;
				DEBUG_INFORMATION_FORMAT = "dwarf-with-dsym";
				ENABLE_NS_ASSERTIONS = NO;
				ENABLE_STRICT_OBJC_MSGSEND = YES;
				ENABLE_USER_SCRIPT_SANDBOXING = YES;
				GCC_C_LANGUAGE_STANDARD = gnu17;
				GCC_NO_COMMON_BLOCKS = YES;
				GCC_WARN_64_TO_32_BIT_CONVERSION = YES;
				GCC_WARN_ABOUT_RETURN_TYPE = YES_ERROR;
				GCC_WARN_UNDECLARED_SELECTOR = YES;
				GCC_WARN_UNINITIALIZED_AUTOS = YES_AGGRESSIVE;
				GCC_WARN_UNUSED_FUNCTION = YES;
				GCC_WARN_UNUSED_VARIABLE = YES;
				IPHONEOS_DEPLOYMENT_TARGET = 26.1;
				LOCALIZATION_PREFERS_STRING_CATALOGS = YES;
				MTL_ENABLE_DEBUG_INFO = NO;
				MTL_FAST_MATH = YES;
				SDKROOT = iphoneos;
				SWIFT_COMPILATION_MODE = wholemodule;
				VALIDATE_PRODUCT = YES;
			};
			name = Release;
		};
		7E92B2A62ED588E600290F84 /* Debug */ = {
			isa = XCBuildConfiguration;
			buildSettings = {
				ASSETCATALOG_COMPILER_APPICON_NAME = AppIcon;
				ASSETCATALOG_COMPILER_GLOBAL_ACCENT_COLOR_NAME = AccentColor;
				ASSETCATALOG_COMPILER_INCLUDE_ALL_APPICON_ASSETS = YES;
				CODE_SIGN_ENTITLEMENTS = FitGenius/FitGenius.entitlements;
				CODE_SIGN_STYLE = Automatic;
				CURRENT_PROJECT_VERSION = 1;
				DEVELOPMENT_TEAM = NV5R86Q3MS;
				ENABLE_PREVIEWS = YES;
				GENERATE_INFOPLIST_FILE = YES;
				INFOPLIST_FILE = FitGenius/Info.plist;
				INFOPLIST_KEY_NSMicrophoneUsageDescription = "FitGenius 需要访问您的麦克风以实现语音转文字功能";
				INFOPLIST_KEY_NSSpeechRecognitionUsageDescription = "FitGenius 需要使用语音识别服务以实现语音转文字功能";
				INFOPLIST_KEY_UIApplicationSceneManifest_Generation = YES;
				INFOPLIST_KEY_UIApplicationSupportsIndirectInputEvents = YES;
				INFOPLIST_KEY_UILaunchScreen_Generation = YES;
				INFOPLIST_KEY_UISupportedInterfaceOrientations_iPad = "UIInterfaceOrientationPortrait UIInterfaceOrientationPortraitUpsideDown UIInterfaceOrientationLandscapeLeft UIInterfaceOrientationLandscapeRight";
				INFOPLIST_KEY_UISupportedInterfaceOrientations_iPhone = "UIInterfaceOrientationPortrait UIInterfaceOrientationLandscapeLeft UIInterfaceOrientationLandscapeRight";
				IPHONEOS_DEPLOYMENT_TARGET = 17.6;
				LD_RUNPATH_SEARCH_PATHS = (
					"$(inherited)",
					"@executable_path/Frameworks",
				);
				MARKETING_VERSION = 1.1;
				MTL_ENABLE_DEBUG_INFO = INCLUDE_SOURCE;
				PRODUCT_BUNDLE_IDENTIFIER = com.swordingk.fitgenius;
				PRODUCT_NAME = "$(TARGET_NAME)";
				STRING_CATALOG_GENERATE_SYMBOLS = YES;
				SWIFT_APPROACHABLE_CONCURRENCY = YES;
				SWIFT_DEFAULT_ACTOR_ISOLATION = MainActor;
				SWIFT_EMIT_LOC_STRINGS = YES;
				SWIFT_UPCOMING_FEATURE_MEMBER_IMPORT_VISIBILITY = YES;
				SWIFT_VERSION = 5.0;
				TARGETED_DEVICE_FAMILY = "1,2";
			};
			name = Debug;
		};
		7E92B2A72ED588E600290F84 /* Release */ = {
			isa = XCBuildConfiguration;
			buildSettings = {
				ASSETCATALOG_COMPILER_APPICON_NAME = AppIcon;
				ASSETCATALOG_COMPILER_GLOBAL_ACCENT_COLOR_NAME = AccentColor;
				ASSETCATALOG_COMPILER_INCLUDE_ALL_APPICON_ASSETS = YES;
				CODE_SIGN_ENTITLEMENTS = FitGenius/FitGenius.entitlements;
				CODE_SIGN_STYLE = Automatic;
				CURRENT_PROJECT_VERSION = 1;
				DEVELOPMENT_TEAM = NV5R86Q3MS;
				ENABLE_PREVIEWS = YES;
				GENERATE_INFOPLIST_FILE = YES;
				INFOPLIST_FILE = FitGenius/Info.plist;
				INFOPLIST_KEY_NSMicrophoneUsageDescription = "FitGenius 需要访问您的麦克风以实现语音转文字功能";
				INFOPLIST_KEY_NSSpeechRecognitionUsageDescription = "FitGenius 需要使用语音识别服务以实现语音转文字功能";
				INFOPLIST_KEY_UIApplicationSceneManifest_Generation = YES;
				INFOPLIST_KEY_UIApplicationSupportsIndirectInputEvents = YES;
				INFOPLIST_KEY_UILaunchScreen_Generation = YES;
				INFOPLIST_KEY_UISupportedInterfaceOrientations_iPad = "UIInterfaceOrientationPortrait UIInterfaceOrientationPortraitUpsideDown UIInterfaceOrientationLandscapeLeft UIInterfaceOrientationLandscapeRight";
				INFOPLIST_KEY_UISupportedInterfaceOrientations_iPhone = "UIInterfaceOrientationPortrait UIInterfaceOrientationLandscapeLeft UIInterfaceOrientationLandscapeRight";
				IPHONEOS_DEPLOYMENT_TARGET = 17.6;
				LD_RUNPATH_SEARCH_PATHS = (
					"$(inherited)",
					"@executable_path/Frameworks",
				);
				MARKETING_VERSION = 1.1;
				MTL_ENABLE_DEBUG_INFO = NO;
				PRODUCT_BUNDLE_IDENTIFIER = com.swordingk.fitgenius;
				PRODUCT_NAME = "$(TARGET_NAME)";
				STRING_CATALOG_GENERATE_SYMBOLS = YES;
				SWIFT_APPROACHABLE_CONCURRENCY = YES;
				SWIFT_DEFAULT_ACTOR_ISOLATION = MainActor;
				SWIFT_EMIT_LOC_STRINGS = YES;
				SWIFT_UPCOMING_FEATURE_MEMBER_IMPORT_VISIBILITY = YES;
				SWIFT_VERSION = 5.0;
				TARGETED_DEVICE_FAMILY = "1,2";
			};
			name = Release;
		};
		7E9473A42F6AA9040006CA3F /* Debug */ = {
			isa = XCBuildConfiguration;
			buildSettings = {
				ASSETCATALOG_COMPILER_GLOBAL_ACCENT_COLOR_NAME = AccentColor;
				ASSETCATALOG_COMPILER_WIDGET_BACKGROUND_COLOR_NAME = WidgetBackground;
				CODE_SIGN_ENTITLEMENTS = FitGeniusWidgetExtension.entitlements;
				CODE_SIGN_STYLE = Automatic;
				CURRENT_PROJECT_VERSION = 1;
				DEVELOPMENT_TEAM = NV5R86Q3MS;
				GENERATE_INFOPLIST_FILE = YES;
				INFOPLIST_FILE = FitGeniusWidget/Info.plist;
				INFOPLIST_KEY_CFBundleDisplayName = FitGeniusWidget;
				INFOPLIST_KEY_NSHumanReadableCopyright = "";
				IPHONEOS_DEPLOYMENT_TARGET = 18.6;
				LD_RUNPATH_SEARCH_PATHS = (
					"$(inherited)",
					"@executable_path/Frameworks",
					"@executable_path/../../Frameworks",
				);
				MARKETING_VERSION = 1.1;
				PRODUCT_BUNDLE_IDENTIFIER = com.swordingk.fitgenius.FitGeniusWidget;
				PRODUCT_NAME = "$(TARGET_NAME)";
				SKIP_INSTALL = YES;
				STRING_CATALOG_GENERATE_SYMBOLS = YES;
				SWIFT_APPROACHABLE_CONCURRENCY = YES;
				SWIFT_EMIT_LOC_STRINGS = YES;
				SWIFT_UPCOMING_FEATURE_MEMBER_IMPORT_VISIBILITY = YES;
				SWIFT_VERSION = 5.0;
				TARGETED_DEVICE_FAMILY = "1,2";
			};
			name = Debug;
		};
		7E9473A52F6AA9040006CA3F /* Release */ = {
			isa = XCBuildConfiguration;
			buildSettings = {
				ASSETCATALOG_COMPILER_GLOBAL_ACCENT_COLOR_NAME = AccentColor;
				ASSETCATALOG_COMPILER_WIDGET_BACKGROUND_COLOR_NAME = WidgetBackground;
				CODE_SIGN_ENTITLEMENTS = FitGeniusWidgetExtension.entitlements;
				CODE_SIGN_STYLE = Automatic;
				CURRENT_PROJECT_VERSION = 1;
				DEVELOPMENT_TEAM = NV5R86Q3MS;
				GENERATE_INFOPLIST_FILE = YES;
				INFOPLIST_FILE = FitGeniusWidget/Info.plist;
				INFOPLIST_KEY_CFBundleDisplayName = FitGeniusWidget;
				INFOPLIST_KEY_NSHumanReadableCopyright = "";
				IPHONEOS_DEPLOYMENT_TARGET = 18.6;
				LD_RUNPATH_SEARCH_PATHS = (
					"$(inherited)",
					"@executable_path/Frameworks",
					"@executable_path/../../Frameworks",
				);
				MARKETING_VERSION = 1.1;
				PRODUCT_BUNDLE_IDENTIFIER = com.swordingk.fitgenius.FitGeniusWidget;
				PRODUCT_NAME = "$(TARGET_NAME)";
				SKIP_INSTALL = YES;
				STRING_CATALOG_GENERATE_SYMBOLS = YES;
				SWIFT_APPROACHABLE_CONCURRENCY = YES;
				SWIFT_EMIT_LOC_STRINGS = YES;
				SWIFT_UPCOMING_FEATURE_MEMBER_IMPORT_VISIBILITY = YES;
				SWIFT_VERSION = 5.0;
				TARGETED_DEVICE_FAMILY = "1,2";
			};
			name = Release;
		};
		7ED3B2842FD1773800A05E5E /* Debug */ = {
			isa = XCBuildConfiguration;
			buildSettings = {
				ASSETCATALOG_COMPILER_APPICON_NAME = AppIcon;
				ASSETCATALOG_COMPILER_GLOBAL_ACCENT_COLOR_NAME = AccentColor;
				CODE_SIGN_ENTITLEMENTS = "FitGeniusWatch Watch App/FitGeniusWatch.entitlements";
				CODE_SIGN_STYLE = Automatic;
				CURRENT_PROJECT_VERSION = 1;
				DEVELOPMENT_TEAM = NV5R86Q3MS;
				ENABLE_PREVIEWS = YES;
				GENERATE_INFOPLIST_FILE = YES;
				INFOPLIST_KEY_CFBundleDisplayName = FitGeniusWatch;
				INFOPLIST_KEY_NSHealthShareUsageDescription = "FitGenius uses heart rate during your strength workout.";
				INFOPLIST_KEY_NSHealthUpdateUsageDescription = "FitGenius saves completed strength workouts to Health.";
				INFOPLIST_KEY_UISupportedInterfaceOrientations = "UIInterfaceOrientationPortrait UIInterfaceOrientationPortraitUpsideDown";
				INFOPLIST_KEY_WKCompanionAppBundleIdentifier = com.swordingk.fitgenius;
				LD_RUNPATH_SEARCH_PATHS = (
					"$(inherited)",
					"@executable_path/Frameworks",
				);
				MARKETING_VERSION = 1.1;
				PRODUCT_BUNDLE_IDENTIFIER = com.swordingk.fitgenius.watchkitapp;
				PRODUCT_NAME = "$(TARGET_NAME)";
				SDKROOT = watchos;
				SKIP_INSTALL = YES;
				STRING_CATALOG_GENERATE_SYMBOLS = YES;
				SWIFT_APPROACHABLE_CONCURRENCY = YES;
				SWIFT_DEFAULT_ACTOR_ISOLATION = MainActor;
				SWIFT_EMIT_LOC_STRINGS = YES;
				SWIFT_UPCOMING_FEATURE_MEMBER_IMPORT_VISIBILITY = YES;
				SWIFT_VERSION = 5.0;
				TARGETED_DEVICE_FAMILY = 4;
				WATCHOS_DEPLOYMENT_TARGET = 10.0;
			};
			name = Debug;
		};
		7ED3B2852FD1773800A05E5E /* Release */ = {
			isa = XCBuildConfiguration;
			buildSettings = {
				ASSETCATALOG_COMPILER_APPICON_NAME = AppIcon;
				ASSETCATALOG_COMPILER_GLOBAL_ACCENT_COLOR_NAME = AccentColor;
				CODE_SIGN_ENTITLEMENTS = "FitGeniusWatch Watch App/FitGeniusWatch.entitlements";
				CODE_SIGN_STYLE = Automatic;
				CURRENT_PROJECT_VERSION = 1;
				DEVELOPMENT_TEAM = NV5R86Q3MS;
				ENABLE_PREVIEWS = YES;
				GENERATE_INFOPLIST_FILE = YES;
				INFOPLIST_KEY_CFBundleDisplayName = FitGeniusWatch;
				INFOPLIST_KEY_NSHealthShareUsageDescription = "FitGenius uses heart rate during your strength workout.";
				INFOPLIST_KEY_NSHealthUpdateUsageDescription = "FitGenius saves completed strength workouts to Health.";
				INFOPLIST_KEY_UISupportedInterfaceOrientations = "UIInterfaceOrientationPortrait UIInterfaceOrientationPortraitUpsideDown";
				INFOPLIST_KEY_WKCompanionAppBundleIdentifier = com.swordingk.fitgenius;
				LD_RUNPATH_SEARCH_PATHS = (
					"$(inherited)",
					"@executable_path/Frameworks",
				);
				MARKETING_VERSION = 1.1;
				PRODUCT_BUNDLE_IDENTIFIER = com.swordingk.fitgenius.watchkitapp;
				PRODUCT_NAME = "$(TARGET_NAME)";
				SDKROOT = watchos;
				SKIP_INSTALL = YES;
				STRING_CATALOG_GENERATE_SYMBOLS = YES;
				SWIFT_APPROACHABLE_CONCURRENCY = YES;
				SWIFT_DEFAULT_ACTOR_ISOLATION = MainActor;
				SWIFT_EMIT_LOC_STRINGS = YES;
				SWIFT_UPCOMING_FEATURE_MEMBER_IMPORT_VISIBILITY = YES;
				SWIFT_VERSION = 5.0;
				TARGETED_DEVICE_FAMILY = 4;
				WATCHOS_DEPLOYMENT_TARGET = 10.0;
			};
			name = Release;
		};
/* End XCBuildConfiguration section */

/* Begin XCConfigurationList section */
		7E92B2932ED588E500290F84 /* Build configuration list for PBXProject "FitGenius" */ = {
			isa = XCConfigurationList;
			buildConfigurations = (
				7E92B2A32ED588E600290F84 /* Debug */,
				7E92B2A42ED588E600290F84 /* Release */,
			);
			defaultConfigurationIsVisible = 0;
			defaultConfigurationName = Release;
		};
		7E92B2A52ED588E600290F84 /* Build configuration list for PBXNativeTarget "FitGenius" */ = {
			isa = XCConfigurationList;
			buildConfigurations = (
				7E92B2A62ED588E600290F84 /* Debug */,
				7E92B2A72ED588E600290F84 /* Release */,
			);
			defaultConfigurationIsVisible = 0;
			defaultConfigurationName = Release;
		};
		7E9473A62F6AA9040006CA3F /* Build configuration list for PBXNativeTarget "FitGeniusWidgetExtension" */ = {
			isa = XCConfigurationList;
			buildConfigurations = (
				7E9473A42F6AA9040006CA3F /* Debug */,
				7E9473A52F6AA9040006CA3F /* Release */,
			);
			defaultConfigurationIsVisible = 0;
			defaultConfigurationName = Release;
		};
		7ED3B2832FD1773800A05E5E /* Build configuration list for PBXNativeTarget "FitGeniusWatch Watch App" */ = {
			isa = XCConfigurationList;
			buildConfigurations = (
				7ED3B2842FD1773800A05E5E /* Debug */,
				7ED3B2852FD1773800A05E5E /* Release */,
			);
			defaultConfigurationIsVisible = 0;
			defaultConfigurationName = Release;
		};
/* End XCConfigurationList section */
	};
	rootObject = 7E92B2902ED588E500290F84 /* Project object */;
}
